github.com/solsw/builtinhelper v0.0.1 h1:4h2ZVryMFJZMH0jLYBlK+jpDRac2/1LxzHptkRGYwMg=
github.com/solsw/builtinhelper v0.0.1/go.mod h1:xG7HysoLlyl9U8kDtPeH+mjTpdPviBSt2qXwZ4slmqs=
github.com/solsw/oshelper v0.0.1 h1:XJoVNltcsF53+8H0bOGEyCcYjzdZKv/8eFNI33bkzzg=
github.com/solsw/oshelper v0.0.1/go.mod h1:ugrYngJMVYUv6YB8RfaemU0S7TvURhnO/xgs2Qouxi8=
